
Microsoft Visual Studio Solution File, Format Version 12.00
# Visual Studio Version 16
VisualStudioVersion = 16.0.31624.102
MinimumVisualStudioVersion = 10.0.40219.1
Project("{FAE04EC0-301F-11D3-BF4B-00C04F79EFBC}") = "Rest_WCF", "Rest_WCF.csproj", "{140B8E76-39BF-430D-82E2-086E9710A940}"
EndProject
Global
	GlobalSection(SolutionConfigurationPlatforms) = preSolution
		Debug|Any CPU = Debug|Any CPU
		Release|Any CPU = Release|Any CPU
	EndGlobalSection
	GlobalSection(ProjectConfigurationPlatforms) = postSolution
		{140B8E76-39BF-430D-82E2-086E9710A940}.Debug|Any CPU.ActiveCfg = Debug|Any CPU
		{140B8E76-39BF-430D-82E2-086E9710A940}.Debug|Any CPU.Build.0 = Debug|Any CPU
		{140B8E76-39BF-430D-82E2-086E9710A940}.Release|Any CPU.ActiveCfg = Release|Any CPU
		{140B8E76-39BF-430D-82E2-086E9710A940}.Release|Any CPU.Build.0 = Release|Any CPU
	EndGlobalSection
	GlobalSection(SolutionProperties) = preSolution
		HideSolutionNode = FALSE
	EndGlobalSection
	GlobalSection(ExtensibilityGlobals) = postSolution
		SolutionGuid = {58A44772-79D7-46FB-9E9B-0EE74535F6AF}
	EndGlobalSection
EndGlobal
